// !$*UTF8*$!
{
	archiveVersion = 1;
	classes = {
	};
	objectVersion = 77;
	objects = {

/* Begin PBXContainerItemProxy section */
		373549EB2DDB7DC000DECAA5 /* PBXContainerItemProxy */ = {
			isa = PBXContainerItemProxy;
			containerPortal = 373549D52DDB7DBE00DECAA5 /* Project object */;
			proxyType = 1;
			remoteGlobalIDString = 373549DC2DDB7DBE00DECAA5;
			remoteInfo = ProfileViewExample;
		};
		373549F52DDB7DC000DECAA5 /* PBXContainerItemProxy */ = {
			isa = PBXContainerItemProxy;
			containerPortal = 373549D52DDB7DBE00DECAA5 /* Project object */;
			proxyType = 1;
			remoteGlobalIDString = 373549DC2DDB7DBE00DECAA5;
			remoteInfo = ProfileViewExample;
		};
/* End PBXContainerItemProxy section */

/* Begin PBXFileReference section */
		373549DD2DDB7DBE00DECAA5 /* ProfileViewExample.app */ = {isa = PBXFileReference; explicitFileType = wrapper.application; includeInIndex = 0; path = ProfileViewExample.app; sourceTree = BUILT_PRODUCTS_DIR; };
		373549EA2DDB7DC000DECAA5 /* ProfileViewExampleTests.xctest */ = {isa = PBXFileReference; explicitFileType = wrapper.cfbundle; includeInIndex = 0; path = ProfileViewExampleTests.xctest; sourceTree = BUILT_PRODUCTS_DIR; };
		373549F42DDB7DC000DECAA5 /* ProfileViewExampleUITests.xctest */ = {isa = PBXFileReference; explicitFileType = wrapper.cfbundle; includeInIndex = 0; path = ProfileViewExampleUITests.xctest; sourceTree = BUILT_PRODUCTS_DIR; };
/* End PBXFileReference section */

/* Begin PBXFileSystemSynchronizedRootGroup section */
		373549DF2DDB7DBE00DECAA5 /* ProfileViewExample */ = {
			isa = PBXFileSystemSynchronizedRootGroup;
			path = ProfileViewExample;
			sourceTree = "<group>";
		};
		373549ED2DDB7DC000DECAA5 /* ProfileViewExampleTests */ = {
			isa = PBXFileSystemSynchronizedRootGroup;
			path = ProfileViewExampleTests;
			sourceTree = "<group>";
		};
		373549F72DDB7DC000DECAA5 /* ProfileViewExampleUITests */ = {
			isa = PBXFileSystemSynchronizedRootGroup;
			path = ProfileViewExampleUITests;
			sourceTree = "<group>";
		};
/* End PBXFileSystemSynchronizedRootGroup section */

/* Begin PBXFrameworksBuildPhase section */
		373549DA2DDB7DBE00DECAA5 /* Frameworks */ = {
			isa = PBXFrameworksBuildPhase;
			buildActionMask = 2147483647;
			files = (
			);
			runOnlyForDeploymentPostprocessing = 0;
		};
		373549E72DDB7DC000DECAA5 /* Frameworks */ = {
			isa = PBXFrameworksBuildPhase;
			buildActionMask = 2147483647;
			files = (
			);
			runOnlyForDeploymentPostprocessing = 0;
		};
		373549F12DDB7DC000DECAA5 /* Frameworks */ = {
			isa = PBXFrameworksBuildPhase;
			buildActionMask = 2147483647;
			files = (
			);
			runOnlyForDeploymentPostprocessing = 0;
		};
/* End PBXFrameworksBuildPhase section */

/* Begin PBXGroup section */
		373549D42DDB7DBE00DECAA5 = {
			isa = PBXGroup;
			children = (
				373549DF2DDB7DBE00DECAA5 /* ProfileViewExample */,
				373549ED2DDB7DC000DECAA5 /* ProfileViewExampleTests */,
				373549F72DDB7DC000DECAA5 /* ProfileViewExampleUITests */,
				373549DE2DDB7DBE00DECAA5 /* Products */,
			);
			sourceTree = "<group>";
		};
		373549DE2DDB7DBE00DECAA5 /* Products */ = {
			isa = PBXGroup;
			children = (
				373549DD2DDB7DBE00DECAA5 /* ProfileViewExample.app */,
				373549EA2DDB7DC000DECAA5 /* ProfileViewExampleTests.xctest */,
				373549F42DDB7DC000DECAA5 /* ProfileViewExampleUITests.xctest */,
			);
			name = Products;
			sourceTree = "<group>";
		};
/* End PBXGroup section */

/* Begin PBXNativeTarget section */
		373549DC2DDB7DBE00DECAA5 /* ProfileViewExample */ = {
			isa = PBXNativeTarget;
			buildConfigurationList = 373549FE2DDB7DC000DECAA5 /* Build configuration list for PBXNativeTarget "ProfileViewExample" */;
			buildPhases = (
				373549D92DDB7DBE00DECAA5 /* Sources */,
				373549DA2DDB7DBE00DECAA5 /* Frameworks */,
				373549DB2DDB7DBE00DECAA5 /* Resources */,
			);
			buildRules = (
			);
			dependencies = (
			);
			fileSystemSynchronizedGroups = (
				373549DF2DDB7DBE00DECAA5 /* ProfileViewExample */,
			);
			name = ProfileViewExample;
			packageProductDependencies = (
			);
			productName = ProfileViewExample;
			productReference = 373549DD2DDB7DBE00DECAA5 /* ProfileViewExample.app */;
			productType = "com.apple.product-type.application";
		};
		373549E92DDB7DC000DECAA5 /* ProfileViewExampleTests */ = {
			isa = PBXNativeTarget;
			buildConfigurationList = 37354A012DDB7DC000DECAA5 /* Build configuration list for PBXNativeTarget "ProfileViewExampleTests" */;
			buildPhases = (
				373549E62DDB7DC000DECAA5 /* Sources */,
				373549E72DDB7DC000DECAA5 /* Frameworks */,
				373549E82DDB7DC000DECAA5 /* Resources */,
			);
			buildRules = (
			);
			dependencies = (
				373549EC2DDB7DC000DECAA5 /* PBXTargetDependency */,
			);
			fileSystemSynchronizedGroups = (
				373549ED2DDB7DC000DECAA5 /* ProfileViewExampleTests */,
			);
			name = ProfileViewExampleTests;
			packageProductDependencies = (
			);
			productName = ProfileViewExampleTests;
			productReference = 373549EA2DDB7DC000DECAA5 /* ProfileViewExampleTests.xctest */;
			productType = "com.apple.product-type.bundle.unit-test";
		};
		373549F32DDB7DC000DECAA5 /* ProfileViewExampleUITests */ = {
			isa = PBXNativeTarget;
			buildConfigurationList = 37354A042DDB7DC000DECAA5 /* Build configuration list for PBXNativeTarget "ProfileViewExampleUITests" */;
			buildPhases = (
				373549F02DDB7DC000DECAA5 /* Sources */,
				373549F12DDB7DC000DECAA5 /* Frameworks */,
				373549F22DDB7DC000DECAA5 /* Resources */,
			);
			buildRules = (
			);
			dependencies = (
				373549F62DDB7DC000DECAA5 /* PBXTargetDependency */,
			);
			fileSystemSynchronizedGroups = (
				373549F72DDB7DC000DECAA5 /* ProfileViewExampleUITests */,
			);
			name = ProfileViewExampleUITests;
			packageProductDependencies = (
			);
			productName = ProfileViewExampleUITests;
			productReference = 373549F42DDB7DC000DECAA5 /* ProfileViewExampleUITests.xctest */;
			productType = "com.apple.product-type.bundle.ui-testing";
		};
/* End PBXNativeTarget section */

/* Begin PBXProject section */
		373549D52DDB7DBE00DECAA5 /* Project object */ = {
			isa = PBXProject;
			attributes = {
				BuildIndependentTargetsInParallel = 1;
				LastSwiftUpdateCheck = 1630;
				LastUpgradeCheck = 1630;
				TargetAttributes = {
					373549DC2DDB7DBE00DECAA5 = {
						CreatedOnToolsVersion = 16.3;
					};
					373549E92DDB7DC000DECAA5 = {
						CreatedOnToolsVersion = 16.3;
						TestTargetID = 373549DC2DDB7DBE00DECAA5;
					};
					373549F32DDB7DC000DECAA5 = {
						CreatedOnToolsVersion = 16.3;
						TestTargetID = 373549DC2DDB7DBE00DECAA5;
					};
				};
			};
			buildConfigurationList = 373549D82DDB7DBE00DECAA5 /* Build configuration list for PBXProject "ProfileViewExample" */;
			developmentRegion = en;
			hasScannedForEncodings = 0;
			knownRegions = (
				en,
				Base,
			);
			mainGroup = 373549D42DDB7DBE00DECAA5;
			minimizedProjectReferenceProxies = 1;
			preferredProjectObjectVersion = 77;
			productRefGroup = 373549DE2DDB7DBE00DECAA5 /* Products */;
			projectDirPath = "";
			projectRoot = "";
			targets = (
				373549DC2DDB7DBE00DECAA5 /* ProfileViewExample */,
				373549E92DDB7DC000DECAA5 /* ProfileViewExampleTests */,
				373549F32DDB7DC000DECAA5 /* ProfileViewExampleUITests */,
			);
		};
/* End PBXProject section */

/* Begin PBXResourcesBuildPhase section */
		373549DB2DDB7DBE00DECAA5 /* Resources */ = {
			isa = PBXResourcesBuildPhase;
			buildActionMask = 2147483647;
			files = (
			);
			runOnlyForDeploymentPostprocessing = 0;
		};
		373549E82DDB7DC000DECAA5 /* Resources */ = {
			isa = PBXResourcesBuildPhase;
			buildActionMask = 2147483647;
			files = (
			);
			runOnlyForDeploymentPostprocessing = 0;
		};
		373549F22DDB7DC000DECAA5 /* Resources */ = {
			isa = PBXResourcesBuildPhase;
			buildActionMask = 2147483647;
			files = (
			);
			runOnlyForDeploymentPostprocessing = 0;
		};
/* End PBXResourcesBuildPhase section */

/* Begin PBXSourcesBuildPhase section */
		373549D92DDB7DBE00DECAA5 /* Sources */ = {
			isa = PBXSourcesBuildPhase;
			buildActionMask = 2147483647;
			files = (
			);
			runOnlyForDeploymentPostprocessing = 0;
		};
		373549E62DDB7DC000DECAA5 /* Sources */ = {
			isa = PBXSourcesBuildPhase;
			buildActionMask = 2147483647;
			files = (
			);
			runOnlyForDeploymentPostprocessing = 0;
		};
		373549F02DDB7DC000DECAA5 /* Sources */ = {
			isa = PBXSourcesBuildPhase;
			buildActionMask = 2147483647;
			files = (
			);
			runOnlyForDeploymentPostprocessing = 0;
		};
/* End PBXSourcesBuildPhase section */

/* Begin PBXTargetDependency section */
		373549EC2DDB7DC000DECAA5 /* PBXTargetDependency */ = {
			isa = PBXTargetDependency;
			target = 373549DC2DDB7DBE00DECAA5 /* ProfileViewExample */;
			targetProxy = 373549EB2DDB7DC000DECAA5 /* PBXContainerItemProxy */;
		};
		373549F62DDB7DC000DECAA5 /* PBXTargetDependency */ = {
			isa = PBXTargetDependency;
			target = 373549DC2DDB7DBE00DECAA5 /* ProfileViewExample */;
			targetProxy = 373549F52DDB7DC000DECAA5 /* PBXContainerItemProxy */;
		};
/* End PBXTargetDependency section */

/* Begin XCBuildConfiguration section */
		373549FC2DDB7DC000DECAA5 /* Debug */ = {
			isa = XCBuildConfiguration;
			buildSettings = {
				ALWAYS_SEARCH_USER_PATHS = NO;
				ASSETCATALOG_COMPILER_GENERATE_SWIFT_ASSET_SYMBOL_EXTENSIONS = YES;
				CLANG_ANALYZER_NONNULL = YES;
				CLANG_ANALYZER_NUMBER_OBJECT_CONVERSION = YES_AGGRESSIVE;
				CLANG_CXX_LANGUAGE_STANDARD = "gnu++20";
				CLANG_ENABLE_MODULES = YES;
				CLANG_ENABLE_OBJC_ARC = YES;
				CLANG_ENABLE_OBJC_WEAK = YES;
				CLANG_WARN_BLOCK_CAPTURE_AUTORELEASING = YES;
				CLANG_WARN_BOOL_CONVERSION = YES;
				CLANG_WARN_COMMA = YES;
				CLANG_WARN_CONSTANT_CONVERSION = YES;
				CLANG_WARN_DEPRECATED_OBJC_IMPLEMENTATIONS = YES;
				CLANG_WARN_DIRECT_OBJC_ISA_USAGE = YES_ERROR;
				CLANG_WARN_DOCUMENTATION_COMMENTS = YES;
				CLANG_WARN_EMPTY_BODY = YES;
				CLANG_WARN_ENUM_CONVERSION = YES;
				CLANG_WARN_INFINITE_RECURSION = YES;
				CLANG_WARN_INT_CONVERSION = YES;
				CLANG_WARN_NON_LITERAL_NULL_CONVERSION = YES;
				CLANG_WARN_OBJC_IMPLICIT_RETAIN_SELF = YES;
				CLANG_WARN_OBJC_LITERAL_CONVERSION = YES;
				CLANG_WARN_OBJC_ROOT_CLASS = YES_ERROR;
				CLANG_WARN_QUOTED_INCLUDE_IN_FRAMEWORK_HEADER = YES;
				CLANG_WARN_RANGE_LOOP_ANALYSIS = YES;
				CLANG_WARN_STRICT_PROTOTYPES = YES;
				CLANG_WARN_SUSPICIOUS_MOVE = YES;
				CLANG_WARN_UNGUARDED_AVAILABILITY = YES_AGGRESSIVE;
				CLANG_WARN_UNREACHABLE_CODE = YES;
				CLANG_WARN__DUPLICATE_METHOD_MATCH = YES;
				COPY_PHASE_STRIP = NO;
				DEBUG_INFORMATION_FORMAT = dwarf;
				DEVELOPMENT_TEAM = 99S33YCFRB;
				ENABLE_STRICT_OBJC_MSGSEND = YES;
				ENABLE_TESTABILITY = YES;
				ENABLE_USER_SCRIPT_SANDBOXING = YES;
				GCC_C_LANGUAGE_STANDARD = gnu17;
				GCC_DYNAMIC_NO_PIC = NO;
				GCC_NO_COMMON_BLOCKS = YES;
				GCC_OPTIMIZATION_LEVEL = 0;
				GCC_PREPROCESSOR_DEFINITIONS = (
					"DEBUG=1",
					"$(inherited)",
				);
				GCC_WARN_64_TO_32_BIT_CONVERSION = YES;
				GCC_WARN_ABOUT_RETURN_TYPE = YES_ERROR;
				GCC_WARN_UNDECLARED_SELECTOR = YES;
				GCC_WARN_UNINITIALIZED_AUTOS = YES_AGGRESSIVE;
				GCC_WARN_UNUSED_FUNCTION = YES;
				GCC_WARN_UNUSED_VARIABLE = YES;
				IPHONEOS_DEPLOYMENT_TARGET = 18.4;
				LOCALIZATION_PREFERS_STRING_CATALOGS = YES;
				MTL_ENABLE_DEBUG_INFO = INCLUDE_SOURCE;
				MTL_FAST_MATH = YES;
				ONLY_ACTIVE_ARCH = YES;
				SDKROOT = iphoneos;
				SWIFT_ACTIVE_COMPILATION_CONDITIONS = "DEBUG $(inherited)";
				SWIFT_OPTIMIZATION_LEVEL = "-Onone";
			};
			name = Debug;
		};
		373549FD2DDB7DC000DECAA5 /* Release */ = {
			isa = XCBuildConfiguration;
			buildSettings = {
				ALWAYS_SEARCH_USER_PATHS = NO;
				ASSETCATALOG_COMPILER_GENERATE_SWIFT_ASSET_SYMBOL_EXTENSIONS = YES;
				CLANG_ANALYZER_NONNULL = YES;
				CLANG_ANALYZER_NUMBER_OBJECT_CONVERSION = YES_AGGRESSIVE;
				CLANG_CXX_LANGUAGE_STANDARD = "gnu++20";
				CLANG_ENABLE_MODULES = YES;
				CLANG_ENABLE_OBJC_ARC = YES;
				CLANG_ENABLE_OBJC_WEAK = YES;
				CLANG_WARN_BLOCK_CAPTURE_AUTORELEASING = YES;
				CLANG_WARN_BOOL_CONVERSION = YES;
				CLANG_WARN_COMMA = YES;
				CLANG_WARN_CONSTANT_CONVERSION = YES;
				CLANG_WARN_DEPRECATED_OBJC_IMPLEMENTATIONS = YES;
				CLANG_WARN_DIRECT_OBJC_ISA_USAGE = YES_ERROR;
				CLANG_WARN_DOCUMENTATION_COMMENTS = YES;
				CLANG_WARN_EMPTY_BODY = YES;
				CLANG_WARN_ENUM_CONVERSION = YES;
				CLANG_WARN_INFINITE_RECURSION = YES;
				CLANG_WARN_INT_CONVERSION = YES;
				CLANG_WARN_NON_LITERAL_NULL_CONVERSION = YES;
				CLANG_WARN_OBJC_IMPLICIT_RETAIN_SELF = YES;
				CLANG_WARN_OBJC_LITERAL_CONVERSION = YES;
				CLANG_WARN_OBJC_ROOT_CLASS = YES_ERROR;
				CLANG_WARN_QUOTED_INCLUDE_IN_FRAMEWORK_HEADER = YES;
				CLANG_WARN_RANGE_LOOP_ANALYSIS = YES;
				CLANG_WARN_STRICT_PROTOTYPES = YES;
				CLANG_WARN_SUSPICIOUS_MOVE = YES;
				CLANG_WARN_UNGUARDED_AVAILABILITY = YES_AGGRESSIVE;
				CLANG_WARN_UNREACHABLE_CODE = YES;
				CLANG_WARN__DUPLICATE_METHOD_MATCH = YES;
				COPY_PHASE_STRIP = NO;
				DEBUG_INFORMATION_FORMAT = "dwarf-with-dsym";
				DEVELOPMENT_TEAM = 99S33YCFRB;
				ENABLE_NS_ASSERTIONS = NO;
				ENABLE_STRICT_OBJC_MSGSEND = YES;
				ENABLE_USER_SCRIPT_SANDBOXING = YES;
				GCC_C_LANGUAGE_STANDARD = gnu17;
				GCC_NO_COMMON_BLOCKS = YES;
				GCC_WARN_64_TO_32_BIT_CONVERSION = YES;
				GCC_WARN_ABOUT_RETURN_TYPE = YES_ERROR;
				GCC_WARN_UNDECLARED_SELECTOR = YES;
				GCC_WARN_UNINITIALIZED_AUTOS = YES_AGGRESSIVE;
				GCC_WARN_UNUSED_FUNCTION = YES;
				GCC_WARN_UNUSED_VARIABLE = YES;
				IPHONEOS_DEPLOYMENT_TARGET = 18.4;
				LOCALIZATION_PREFERS_STRING_CATALOGS = YES;
				MTL_ENABLE_DEBUG_INFO = NO;
				MTL_FAST_MATH = YES;
				SDKROOT = iphoneos;
				SWIFT_COMPILATION_MODE = wholemodule;
				VALIDATE_PRODUCT = YES;
			};
			name = Release;
		};
		373549FF2DDB7DC000DECAA5 /* Debug */ = {
			isa = XCBuildConfiguration;
			buildSettings = {
				ASSETCATALOG_COMPILER_APPICON_NAME = AppIcon;
				ASSETCATALOG_COMPILER_GLOBAL_ACCENT_COLOR_NAME = AccentColor;
				CODE_SIGN_STYLE = Automatic;
				CURRENT_PROJECT_VERSION = 1;
				DEVELOPMENT_TEAM = 99S33YCFRB;
				ENABLE_PREVIEWS = YES;
				GENERATE_INFOPLIST_FILE = YES;
				INFOPLIST_KEY_UIApplicationSceneManifest_Generation = YES;
				INFOPLIST_KEY_UIApplicationSupportsIndirectInputEvents = YES;
				INFOPLIST_KEY_UILaunchScreen_Generation = YES;
				INFOPLIST_KEY_UISupportedInterfaceOrientations_iPad = "UIInterfaceOrientationPortrait UIInterfaceOrientationPortraitUpsideDown UIInterfaceOrientationLandscapeLeft UIInterfaceOrientationLandscapeRight";
				INFOPLIST_KEY_UISupportedInterfaceOrientations_iPhone = "UIInterfaceOrientationPortrait UIInterfaceOrientationLandscapeLeft UIInterfaceOrientationLandscapeRight";
				LD_RUNPATH_SEARCH_PATHS = (
					"$(inherited)",
					"@executable_path/Frameworks",
				);
				MARKETING_VERSION = 1.0;
				PRODUCT_BUNDLE_IDENTIFIER = com.tnt.ProfileViewExample;
				PRODUCT_NAME = "$(TARGET_NAME)";
				SWIFT_EMIT_LOC_STRINGS = YES;
				SWIFT_VERSION = 5.0;
				TARGETED_DEVICE_FAMILY = "1,2";
			};
			name = Debug;
		};
		37354A002DDB7DC000DECAA5 /* Release */ = {
			isa = XCBuildConfiguration;
			buildSettings = {
				ASSETCATALOG_COMPILER_APPICON_NAME = AppIcon;
				ASSETCATALOG_COMPILER_GLOBAL_ACCENT_COLOR_NAME = AccentColor;
				CODE_SIGN_STYLE = Automatic;
				CURRENT_PROJECT_VERSION = 1;
				DEVELOPMENT_TEAM = 99S33YCFRB;
				ENABLE_PREVIEWS = YES;
				GENERATE_INFOPLIST_FILE = YES;
				INFOPLIST_KEY_UIApplicationSceneManifest_Generation = YES;
				INFOPLIST_KEY_UIApplicationSupportsIndirectInputEvents = YES;
				INFOPLIST_KEY_UILaunchScreen_Generation = YES;
				INFOPLIST_KEY_UISupportedInterfaceOrientations_iPad = "UIInterfaceOrientationPortrait UIInterfaceOrientationPortraitUpsideDown UIInterfaceOrientationLandscapeLeft UIInterfaceOrientationLandscapeRight";
				INFOPLIST_KEY_UISupportedInterfaceOrientations_iPhone = "UIInterfaceOrientationPortrait UIInterfaceOrientationLandscapeLeft UIInterfaceOrientationLandscapeRight";
				LD_RUNPATH_SEARCH_PATHS = (
					"$(inherited)",
					"@executable_path/Frameworks",
				);
				MARKETING_VERSION = 1.0;
				PRODUCT_BUNDLE_IDENTIFIER = com.tnt.ProfileViewExample;
				PRODUCT_NAME = "$(TARGET_NAME)";
				SWIFT_EMIT_LOC_STRINGS = YES;
				SWIFT_VERSION = 5.0;
				TARGETED_DEVICE_FAMILY = "1,2";
			};
			name = Release;
		};
		37354A022DDB7DC000DECAA5 /* Debug */ = {
			isa = XCBuildConfiguration;
			buildSettings = {
				BUNDLE_LOADER = "$(TEST_HOST)";
				CODE_SIGN_STYLE = Automatic;
				CURRENT_PROJECT_VERSION = 1;
				DEVELOPMENT_TEAM = 99S33YCFRB;
				GENERATE_INFOPLIST_FILE = YES;
				IPHONEOS_DEPLOYMENT_TARGET = 18.4;
				MARKETING_VERSION = 1.0;
				PRODUCT_BUNDLE_IDENTIFIER = com.tnt.ProfileViewExampleTests;
				PRODUCT_NAME = "$(TARGET_NAME)";
				SWIFT_EMIT_LOC_STRINGS = NO;
				SWIFT_VERSION = 5.0;
				TARGETED_DEVICE_FAMILY = "1,2";
				TEST_HOST = "$(BUILT_PRODUCTS_DIR)/ProfileViewExample.app/$(BUNDLE_EXECUTABLE_FOLDER_PATH)/ProfileViewExample";
			};
			name = Debug;
		};
		37354A032DDB7DC000DECAA5 /* Release */ = {
			isa = XCBuildConfiguration;
			buildSettings = {
				BUNDLE_LOADER = "$(TEST_HOST)";
				CODE_SIGN_STYLE = Automatic;
				CURRENT_PROJECT_VERSION = 1;
				DEVELOPMENT_TEAM = 99S33YCFRB;
				GENERATE_INFOPLIST_FILE = YES;
				IPHONEOS_DEPLOYMENT_TARGET = 18.4;
				MARKETING_VERSION = 1.0;
				PRODUCT_BUNDLE_IDENTIFIER = com.tnt.ProfileViewExampleTests;
				PRODUCT_NAME = "$(TARGET_NAME)";
				SWIFT_EMIT_LOC_STRINGS = NO;
				SWIFT_VERSION = 5.0;
				TARGETED_DEVICE_FAMILY = "1,2";
				TEST_HOST = "$(BUILT_PRODUCTS_DIR)/ProfileViewExample.app/$(BUNDLE_EXECUTABLE_FOLDER_PATH)/ProfileViewExample";
			};
			name = Release;
		};
		37354A052DDB7DC000DECAA5 /* Debug */ = {
			isa = XCBuildConfiguration;
			buildSettings = {
				CODE_SIGN_STYLE = Automatic;
				CURRENT_PROJECT_VERSION = 1;
				DEVELOPMENT_TEAM = 99S33YCFRB;
				GENERATE_INFOPLIST_FILE = YES;
				MARKETING_VERSION = 1.0;
				PRODUCT_BUNDLE_IDENTIFIER = com.tnt.ProfileViewExampleUITests;
				PRODUCT_NAME = "$(TARGET_NAME)";
				SWIFT_EMIT_LOC_STRINGS = NO;
				SWIFT_VERSION = 5.0;
				TARGETED_DEVICE_FAMILY = "1,2";
				TEST_TARGET_NAME = ProfileViewExample;
			};
			name = Debug;
		};
		37354A062DDB7DC000DECAA5 /* Release */ = {
			isa = XCBuildConfiguration;
			buildSettings = {
				CODE_SIGN_STYLE = Automatic;
				CURRENT_PROJECT_VERSION = 1;
				DEVELOPMENT_TEAM = 99S33YCFRB;
				GENERATE_INFOPLIST_FILE = YES;
				MARKETING_VERSION = 1.0;
				PRODUCT_BUNDLE_IDENTIFIER = com.tnt.ProfileViewExampleUITests;
				PRODUCT_NAME = "$(TARGET_NAME)";
				SWIFT_EMIT_LOC_STRINGS = NO;
				SWIFT_VERSION = 5.0;
				TARGETED_DEVICE_FAMILY = "1,2";
				TEST_TARGET_NAME = ProfileViewExample;
			};
			name = Release;
		};
/* End XCBuildConfiguration section */

/* Begin XCConfigurationList section */
		373549D82DDB7DBE00DECAA5 /* Build configuration list for PBXProject "ProfileViewExample" */ = {
			isa = XCConfigurationList;
			buildConfigurations = (
				373549FC2DDB7DC000DECAA5 /* Debug */,
				373549FD2DDB7DC000DECAA5 /* Release */,
			);
			defaultConfigurationIsVisible = 0;
			defaultConfigurationName = Release;
		};
		373549FE2DDB7DC000DECAA5 /* Build configuration list for PBXNativeTarget "ProfileViewExample" */ = {
			isa = XCConfigurationList;
			buildConfigurations = (
				373549FF2DDB7DC000DECAA5 /* Debug */,
				37354A002DDB7DC000DECAA5 /* Release */,
			);
			defaultConfigurationIsVisible = 0;
			defaultConfigurationName = Release;
		};
		37354A012DDB7DC000DECAA5 /* Build configuration list for PBXNativeTarget "ProfileViewExampleTests" */ = {
			isa = XCConfigurationList;
			buildConfigurations = (
				37354A022DDB7DC000DECAA5 /* Debug */,
				37354A032DDB7DC000DECAA5 /* Release */,
			);
			defaultConfigurationIsVisible = 0;
			defaultConfigurationName = Release;
		};
		37354A042DDB7DC000DECAA5 /* Build configuration list for PBXNativeTarget "ProfileViewExampleUITests" */ = {
			isa = XCConfigurationList;
			buildConfigurations = (
				37354A052DDB7DC000DECAA5 /* Debug */,
				37354A062DDB7DC000DECAA5 /* Release */,
			);
			defaultConfigurationIsVisible = 0;
			defaultConfigurationName = Release;
		};
/* End XCConfigurationList section */
	};
	rootObject = 373549D52DDB7DBE00DECAA5 /* Project object */;
}
